// !$*UTF8*$!
{
	archiveVersion = 1;
	classes = {
	};
	objectVersion = 55;
	objects = {

/* Begin PBXBuildFile section */
		2000FEA92945CCC20066931D /* PGS_12926.swift in Sources */ = {isa = PBXBuildFile; fileRef = 2000FEA82945CCC20066931D /* PGS_12926.swift */; };
		200B82D72A9F8A4200806917 /* gameDevelop.swift in Sources */ = {isa = PBXBuildFile; fileRef = 200B82D62A9F8A4200806917 /* gameDevelop.swift */; };
		2028F48D2AD83A43004349EF /* UpToDown.swift in Sources */ = {isa = PBXBuildFile; fileRef = 2028F48C2AD83A43004349EF /* UpToDown.swift */; };
		202D622D29F0DEBC0058DF75 /* PGS_72410.swift in Sources */ = {isa = PBXBuildFile; fileRef = 202D622C29F0DEBC0058DF75 /* PGS_72410.swift */; };
		202D622F29F101B70058DF75 /* PGS_77484.swift in Sources */ = {isa = PBXBuildFile; fileRef = 202D622E29F101B70058DF75 /* PGS_77484.swift */; };
		202E7CF729E8D5C7001BCF41 /* PGS_64061.swift in Sources */ = {isa = PBXBuildFile; fileRef = 202E7CF629E8D5C7001BCF41 /* PGS_64061.swift */; };
		202E7CF929E8DC1D001BCF41 /* PGS_17681.swift in Sources */ = {isa = PBXBuildFile; fileRef = 202E7CF829E8DC1D001BCF41 /* PGS_17681.swift */; };
		202EE68C2961B1C5003A504C /* PGS_120820.swift in Sources */ = {isa = PBXBuildFile; fileRef = 202EE68B2961B1C5003A504C /* PGS_120820.swift */; };
		202EE68E2961B633003A504C /* PGS_120871.swift in Sources */ = {isa = PBXBuildFile; fileRef = 202EE68D2961B633003A504C /* PGS_120871.swift */; };
		202EE6912961B82E003A504C /* PGS_12939.swift in Sources */ = {isa = PBXBuildFile; fileRef = 202EE6902961B82E003A504C /* PGS_12939.swift */; };
		2031199B2956E3B0003C72DD /* PGS_120921.swift in Sources */ = {isa = PBXBuildFile; fileRef = 2031199A2956E3B0003C72DD /* PGS_120921.swift */; };
		2031199D29572830003C72DD /* PGS_120880.swift in Sources */ = {isa = PBXBuildFile; fileRef = 2031199C29572830003C72DD /* PGS_120880.swift */; };
		2031199F2957344C003C72DD /* PGS_120868.swift in Sources */ = {isa = PBXBuildFile; fileRef = 2031199E2957344C003C72DD /* PGS_120868.swift */; };
		2033055A292F60940019D19F /* PGS_120924.swift in Sources */ = {isa = PBXBuildFile; fileRef = 20330559292F60940019D19F /* PGS_120924.swift */; };
		2033055C292F69360019D19F /* BOJ_17210.swift in Sources */ = {isa = PBXBuildFile; fileRef = 2033055B292F69360019D19F /* BOJ_17210.swift */; };
		2033A58929DB9E7100EF8BC3 /* PGS_92335.swift in Sources */ = {isa = PBXBuildFile; fileRef = 2033A58829DB9E7100EF8BC3 /* PGS_92335.swift */; };
		2033A58B29DBA18F00EF8BC3 /* PGS_12981.swift in Sources */ = {isa = PBXBuildFile; fileRef = 2033A58A29DBA18F00EF8BC3 /* PGS_12981.swift */; };
		2037320329E7951500486486 /* PGS_67257.swift in Sources */ = {isa = PBXBuildFile; fileRef = 2037320229E7951500486486 /* PGS_67257.swift */; };
		2037320629E7A2E800486486 /* PGS_42583.swift in Sources */ = {isa = PBXBuildFile; fileRef = 2037320529E7A2E800486486 /* PGS_42583.swift */; };
		2037320829E7B0AF00486486 /* PGS_42883.swift in Sources */ = {isa = PBXBuildFile; fileRef = 2037320729E7B0AF00486486 /* PGS_42883.swift */; };
		203DCF9B29DA811C00EDC700 /* PGS_92341.swift in Sources */ = {isa = PBXBuildFile; fileRef = 203DCF9A29DA811C00EDC700 /* PGS_92341.swift */; };
		203EC0FD29E64C3D00469208 /* PGS_43165.swift in Sources */ = {isa = PBXBuildFile; fileRef = 203EC0FC29E64C3D00469208 /* PGS_43165.swift */; };
		203EC0FF29E65CFE00469208 /* PGS_60057.swift in Sources */ = {isa = PBXBuildFile; fileRef = 203EC0FE29E65CFE00469208 /* PGS_60057.swift */; };
		203EC10129E675C200469208 /* PGS_131127.swift in Sources */ = {isa = PBXBuildFile; fileRef = 203EC10029E675C200469208 /* PGS_131127.swift */; };
		2047D756291B74CB00E3A715 /* PSG_120884.swift in Sources */ = {isa = PBXBuildFile; fileRef = 2047D755291B74CB00E3A715 /* PSG_120884.swift */; };
		2047D758291B770500E3A715 /* PGS_12950.swift in Sources */ = {isa = PBXBuildFile; fileRef = 2047D757291B770500E3A715 /* PGS_12950.swift */; };
		205CC2562A7D354A00F557FC /* coin.swift in Sources */ = {isa = PBXBuildFile; fileRef = 205CC2552A7D354A00F557FC /* coin.swift */; };
		205CC2582A7D366400F557FC /* lawOfLargeNumbers.swift in Sources */ = {isa = PBXBuildFile; fileRef = 205CC2572A7D366400F557FC /* lawOfLargeNumbers.swift */; };
		205CC25A2A7D37FD00F557FC /* numberCardGame.swift in Sources */ = {isa = PBXBuildFile; fileRef = 205CC2592A7D37FD00F557FC /* numberCardGame.swift */; };
		205CC25C2A7D38DF00F557FC /* untilOne.swift in Sources */ = {isa = PBXBuildFile; fileRef = 205CC25B2A7D38DF00F557FC /* untilOne.swift */; };
		205CC2602A7D39C300F557FC /* adventurersGuild.swift in Sources */ = {isa = PBXBuildFile; fileRef = 205CC25F2A7D39C300F557FC /* adventurersGuild.swift */; };
		205CC2622A7D3B0B00F557FC /* multiplyOrAdd.swift in Sources */ = {isa = PBXBuildFile; fileRef = 205CC2612A7D3B0B00F557FC /* multiplyOrAdd.swift */; };
		205CC2642A7D3B5400F557FC /* reverseString.swift in Sources */ = {isa = PBXBuildFile; fileRef = 205CC2632A7D3B5400F557FC /* reverseString.swift */; };
		205CC2662A7D473100F557FC /* priceCannotBeMade.swift in Sources */ = {isa = PBXBuildFile; fileRef = 205CC2652A7D473100F557FC /* priceCannotBeMade.swift */; };
		206A63152A865BF000CAEFEC /* muziEating.swift in Sources */ = {isa = PBXBuildFile; fileRef = 206A63142A865BF000CAEFEC /* muziEating.swift */; };
		206A9A702AA60724003778FB /* LuckyStraight.swift in Sources */ = {isa = PBXBuildFile; fileRef = 206A9A6F2AA60724003778FB /* LuckyStraight.swift */; };
		206A9A722AA77D45003778FB /* StringRearrange.swift in Sources */ = {isa = PBXBuildFile; fileRef = 206A9A712AA77D45003778FB /* StringRearrange.swift */; };
		206A9A742AA8C077003778FB /* PllarAndBeam.swift in Sources */ = {isa = PBXBuildFile; fileRef = 206A9A732AA8C077003778FB /* PllarAndBeam.swift */; };
		206A9A762AA9F0AF003778FB /* Snake.swift in Sources */ = {isa = PBXBuildFile; fileRef = 206A9A752AA9F0AF003778FB /* Snake.swift */; };
		206A9A782AAF42BE003778FB /* WallInspection.swift in Sources */ = {isa = PBXBuildFile; fileRef = 206A9A772AAF42BE003778FB /* WallInspection.swift */; };
		2070F6472ACDB621000CDD60 /* MiroEscape.swift in Sources */ = {isa = PBXBuildFile; fileRef = 2070F6462ACDB621000CDD60 /* MiroEscape.swift */; };
		2070F6492ACE42A3000CDD60 /* IceMaker.swift in Sources */ = {isa = PBXBuildFile; fileRef = 2070F6482ACE42A3000CDD60 /* IceMaker.swift */; };
		2074804B29374A1C00644AEF /* BOJ_4504.swift in Sources */ = {isa = PBXBuildFile; fileRef = 2074804A29374A1C00644AEF /* BOJ_4504.swift */; };
		2074804D2937519B00644AEF /* BOJ_9243.swift in Sources */ = {isa = PBXBuildFile; fileRef = 2074804C2937519B00644AEF /* BOJ_9243.swift */; };
		2074804F29375F9100644AEF /* BOJ_7489.swift in Sources */ = {isa = PBXBuildFile; fileRef = 2074804E29375F9100644AEF /* BOJ_7489.swift */; };
		207480512937627F00644AEF /* BOJ_2553.swift in Sources */ = {isa = PBXBuildFile; fileRef = 207480502937627F00644AEF /* BOJ_2553.swift */; };
		2074A44529E530960065F96F /* PGS_72411.swift in Sources */ = {isa = PBXBuildFile; fileRef = 2074A44429E530960065F96F /* PGS_72411.swift */; };
		2076F9EE29D11EA0008799EA /* PGS_42842.swift in Sources */ = {isa = PBXBuildFile; fileRef = 2076F9ED29D11EA0008799EA /* PGS_42842.swift */; };
		2076F9F029D12CDC008799EA /* PGS_17686.swift in Sources */ = {isa = PBXBuildFile; fileRef = 2076F9EF29D12CDC008799EA /* PGS_17686.swift */; };
		207B716629B8218E008DC698 /* PGS_135808.swift in Sources */ = {isa = PBXBuildFile; fileRef = 207B716529B8218E008DC698 /* PGS_135808.swift */; };
		207B716829B824D7008DC698 /* PGS_12909.swift in Sources */ = {isa = PBXBuildFile; fileRef = 207B716729B824D7008DC698 /* PGS_12909.swift */; };
		207CF715290BC3F7002911B2 /* PGS_120841.swift in Sources */ = {isa = PBXBuildFile; fileRef = 207CF714290BC3F7002911B2 /* PGS_120841.swift */; };
		207DBB522912721100316B82 /* PGS_70128.swift in Sources */ = {isa = PBXBuildFile; fileRef = 207DBB512912721100316B82 /* PGS_70128.swift */; };
		207DBB54291277A600316B82 /* PGS_132267.swift in Sources */ = {isa = PBXBuildFile; fileRef = 207DBB53291277A600316B82 /* PGS_132267.swift */; };
		207F306129DE685D0084963B /* PGS_118667.swift in Sources */ = {isa = PBXBuildFile; fileRef = 207F306029DE685D0084963B /* PGS_118667.swift */; };
		207F306329DE6E1B0084963B /* PGS_12949.swift in Sources */ = {isa = PBXBuildFile; fileRef = 207F306229DE6E1B0084963B /* PGS_12949.swift */; };
		2080040D29D7BD0700498BB5 /* PGS_70129.swift in Sources */ = {isa = PBXBuildFile; fileRef = 2080040C29D7BD0700498BB5 /* PGS_70129.swift */; };
		2080040F29D7BEB400498BB5 /* PGS_12911.swift in Sources */ = {isa = PBXBuildFile; fileRef = 2080040E29D7BEB400498BB5 /* PGS_12911.swift */; };
		2080041129D7C15400498BB5 /* PGS_12945.swift in Sources */ = {isa = PBXBuildFile; fileRef = 2080041029D7C15400498BB5 /* PGS_12945.swift */; };
		2080041329D7C76600498BB5 /* PGS_42587.swift in Sources */ = {isa = PBXBuildFile; fileRef = 2080041229D7C76600498BB5 /* PGS_42587.swift */; };
		208A00FB29C2AFF500611781 /* PGS_12985.swift in Sources */ = {isa = PBXBuildFile; fileRef = 208A00FA29C2AFF500611781 /* PGS_12985.swift */; };
		208A00FD29C2B78C00611781 /* PGS_68935.swift in Sources */ = {isa = PBXBuildFile; fileRef = 208A00FC29C2B78B00611781 /* PGS_68935.swift */; };
		208A00FF29C2BAFC00611781 /* PGS_17687.swift in Sources */ = {isa = PBXBuildFile; fileRef = 208A00FE29C2BAFC00611781 /* PGS_17687.swift */; };
		208DCB1E29C3F340007453D3 /* PGS_42578.swift in Sources */ = {isa = PBXBuildFile; fileRef = 208DCB1D29C3F340007453D3 /* PGS_42578.swift */; };
		208DCB2029C406D1007453D3 /* PGS_17679.swift in Sources */ = {isa = PBXBuildFile; fileRef = 208DCB1F29C406D1007453D3 /* PGS_17679.swift */; };
		2091A21229E3C67B00C6C170 /* PGS_87390.swift in Sources */ = {isa = PBXBuildFile; fileRef = 2091A21129E3C67B00C6C170 /* PGS_87390.swift */; };
		2091A21429E3C9C200C6C170 /* PGS_42586.swift in Sources */ = {isa = PBXBuildFile; fileRef = 2091A21329E3C9C200C6C170 /* PGS_42586.swift */; };
		2094128D292618C9001DB342 /* BOJ_5789.swift in Sources */ = {isa = PBXBuildFile; fileRef = 2094128C292618C9001DB342 /* BOJ_5789.swift */; };
		2094128F292629BC001DB342 /* BOJ_17618.swift in Sources */ = {isa = PBXBuildFile; fileRef = 2094128E292629BC001DB342 /* BOJ_17618.swift */; };
		20962C4229C14D8C00D147F6 /* PGS_138476.swift in Sources */ = {isa = PBXBuildFile; fileRef = 20962C4129C14D8C00D147F6 /* PGS_138476.swift */; };
		20962C4429C16A5300D147F6 /* PGS_17684.swift in Sources */ = {isa = PBXBuildFile; fileRef = 20962C4329C16A5300D147F6 /* PGS_17684.swift */; };
		209BC80129CA942E009904F0 /* PGS_150370.swift in Sources */ = {isa = PBXBuildFile; fileRef = 209BC80029CA942E009904F0 /* PGS_150370.swift */; };
		209BC80329CAAED7009904F0 /* PGS_150368.swift in Sources */ = {isa = PBXBuildFile; fileRef = 209BC80229CAAED7009904F0 /* PGS_150368.swift */; };
		209D370129CBEED20011C0F4 /* PGS_12941.swift in Sources */ = {isa = PBXBuildFile; fileRef = 209D370029CBEED20011C0F4 /* PGS_12941.swift */; };
		209D370329CBFA560011C0F4 /* PGS_17677.swift in Sources */ = {isa = PBXBuildFile; fileRef = 209D370229CBFA560011C0F4 /* PGS_17677.swift */; };
		209F1E56296A4624006AA2BF /* PGS_120863.swift in Sources */ = {isa = PBXBuildFile; fileRef = 209F1E55296A4624006AA2BF /* PGS_120863.swift */; };
		209F1E58296A4702006AA2BF /* PGS_120907.swift in Sources */ = {isa = PBXBuildFile; fileRef = 209F1E57296A4702006AA2BF /* PGS_120907.swift */; };
		209F1E5A296A64C4006AA2BF /* PGS_42748.swift in Sources */ = {isa = PBXBuildFile; fileRef = 209F1E59296A64C4006AA2BF /* PGS_42748.swift */; };
		20A1CADA2A924B6F0010D551 /* GymUniform.swift in Sources */ = {isa = PBXBuildFile; fileRef = 20A1CAD92A924B6F0010D551 /* GymUniform.swift */; };
		20A453CB2A9CD99500533A74 /* upDownLeftRight.swift in Sources */ = {isa = PBXBuildFile; fileRef = 20A453CA2A9CD99500533A74 /* upDownLeftRight.swift */; };
		20A453CD2A9CDD9F00533A74 /* threeInTime.swift in Sources */ = {isa = PBXBuildFile; fileRef = 20A453CC2A9CDD9F00533A74 /* threeInTime.swift */; };
		20A453CF2A9CE6B200533A74 /* night.swift in Sources */ = {isa = PBXBuildFile; fileRef = 20A453CE2A9CE6B200533A74 /* night.swift */; };
		20A7F32A29BEC6D200661586 /* PGS_17680.swift in Sources */ = {isa = PBXBuildFile; fileRef = 20A7F32929BEC6D200661586 /* PGS_17680.swift */; };
		20A7F32C29BED14200661586 /* PGS_76502.swift in Sources */ = {isa = PBXBuildFile; fileRef = 20A7F32B29BED14200661586 /* PGS_76502.swift */; };
		20AF311329DD05A6005D33A4 /* PGS_81302.swift in Sources */ = {isa = PBXBuildFile; fileRef = 20AF311229DD05A6005D33A4 /* PGS_81302.swift */; };
		20AF311529DD0D76005D33A4 /* PGS_12953.swift in Sources */ = {isa = PBXBuildFile; fileRef = 20AF311429DD0D76005D33A4 /* PGS_12953.swift */; };
		20AF311729DD13BF005D33A4 /* PGS_42747.swift in Sources */ = {isa = PBXBuildFile; fileRef = 20AF311629DD13BF005D33A4 /* PGS_42747.swift */; };
		20B2627129D51CE00001AB52 /* PGS_12980.swift in Sources */ = {isa = PBXBuildFile; fileRef = 20B2627029D51CE00001AB52 /* PGS_12980.swift */; };
		20B2627329D52EEE0001AB52 /* PGS_49994.swift in Sources */ = {isa = PBXBuildFile; fileRef = 20B2627229D52EEE0001AB52 /* PGS_49994.swift */; };
		20C710F628FE3BAF002A7F08 /* main.swift in Sources */ = {isa = PBXBuildFile; fileRef = 20C710F528FE3BAF002A7F08 /* main.swift */; };
		20C710FF28FE3BD2002A7F08 /* PGS_82612.swift in Sources */ = {isa = PBXBuildFile; fileRef = 20C710FE28FE3BD2002A7F08 /* PGS_82612.swift */; };
		20C801AF29C95E4F0021BD1D /* PGS_77485.swift in Sources */ = {isa = PBXBuildFile; fileRef = 20C801AE29C95E4F0021BD1D /* PGS_77485.swift */; };
		20C81E95297D6B2A00C0F969 /* PGS_120923.swift in Sources */ = {isa = PBXBuildFile; fileRef = 20C81E94297D6B2A00C0F969 /* PGS_120923.swift */; };
		20CE274A2AB353E10088A986 /* LockAndKey.swift in Sources */ = {isa = PBXBuildFile; fileRef = 20CE27492AB353E10088A986 /* LockAndKey.swift */; };
		20CE274C2AB89BE80088A986 /* ChickenStreet.swift in Sources */ = {isa = PBXBuildFile; fileRef = 20CE274B2AB89BE80088A986 /* ChickenStreet.swift */; };
		20D37BD929D65F84006BFED0 /* PGS_87946.swift in Sources */ = {isa = PBXBuildFile; fileRef = 20D37BD829D65F84006BFED0 /* PGS_87946.swift */; };
		20D37BDB29D66FCD006BFED0 /* PGS_12913.swift in Sources */ = {isa = PBXBuildFile; fileRef = 20D37BDA29D66FCD006BFED0 /* PGS_12913.swift */; };
		20D3C44329D28A8200C9488B /* PGS_12914.swift in Sources */ = {isa = PBXBuildFile; fileRef = 20D3C44229D28A8200C9488B /* PGS_12914.swift */; };
		20D3C44529D2914A00C9488B /* PGS_131701.swift in Sources */ = {isa = PBXBuildFile; fileRef = 20D3C44429D2914A00C9488B /* PGS_131701.swift */; };
		20D5E7432979802400FB78A8 /* PGS_12951.swift in Sources */ = {isa = PBXBuildFile; fileRef = 20D5E7422979802400FB78A8 /* PGS_12951.swift */; };
		20D5E745297980BC00FB78A8 /* PGS_147355.swift in Sources */ = {isa = PBXBuildFile; fileRef = 20D5E744297980BC00FB78A8 /* PGS_147355.swift */; };
		20D6A85A2A93AA61004EB565 /* Stairs.swift in Sources */ = {isa = PBXBuildFile; fileRef = 20D6A8592A93AA61004EB565 /* Stairs.swift */; };
		20D7AD8229C00558009BF598 /* PGS_12973.swift in Sources */ = {isa = PBXBuildFile; fileRef = 20D7AD8129C00558009BF598 /* PGS_12973.swift */; };
		20D7AD8429C009BA009BF598 /* PGS_42888.swift in Sources */ = {isa = PBXBuildFile; fileRef = 20D7AD8329C009BA009BF598 /* PGS_42888.swift */; };
		20D9BF4D29D3CEF8004DAF21 /* PGS_64065.swift in Sources */ = {isa = PBXBuildFile; fileRef = 20D9BF4C29D3CEF8004DAF21 /* PGS_64065.swift */; };
		20D9BF4F29D3DCAC004DAF21 /* PGS_84512.swift in Sources */ = {isa = PBXBuildFile; fileRef = 20D9BF4E29D3DCAC004DAF21 /* PGS_84512.swift */; };
		20E196AF294971D500A6CDD2 /* BOJ_2163.swift in Sources */ = {isa = PBXBuildFile; fileRef = 20E196AE294971D500A6CDD2 /* BOJ_2163.swift */; };
		20E196B129497EE100A6CDD2 /* PGS_133502.swift in Sources */ = {isa = PBXBuildFile; fileRef = 20E196B029497EE100A6CDD2 /* PGS_133502.swift */; };
		20E906CF2944815800D39BB6 /* PGS_142086.swift in Sources */ = {isa = PBXBuildFile; fileRef = 20E906CE2944815800D39BB6 /* PGS_142086.swift */; };
		20FC873F2943773700079606 /* BOJ_9366.swift in Sources */ = {isa = PBXBuildFile; fileRef = 20FC873E2943773700079606 /* BOJ_9366.swift */; };
		20FEC29129ECD0E200816EB6 /* PGS_118666.swift in Sources */ = {isa = PBXBuildFile; fileRef = 20FEC29029ECD0E200816EB6 /* PGS_118666.swift */; };
		20FEC29329ECD61400816EB6 /* PGS_92334.swift in Sources */ = {isa = PBXBuildFile; fileRef = 20FEC29229ECD61400816EB6 /* PGS_92334.swift */; };
		20FFC0D22A8139F4001C3DC5 /* choiceBollingBall.swift in Sources */ = {isa = PBXBuildFile; fileRef = 20FFC0D12A8139F4001C3DC5 /* choiceBollingBall.swift */; };
/* End PBXBuildFile section */

/* Begin PBXCopyFilesBuildPhase section */
		20C710F028FE3BAF002A7F08 /* CopyFiles */ = {
			isa = PBXCopyFilesBuildPhase;
			buildActionMask = 2147483647;
			dstPath = /usr/share/man/man1/;
			dstSubfolderSpec = 0;
			files = (
			);
			runOnlyForDeploymentPostprocessing = 1;
		};
/* End PBXCopyFilesBuildPhase section */

/* Begin PBXFileReference section */
		2000FEA82945CCC20066931D /* PGS_12926.swift */ = {isa = PBXFileReference; lastKnownFileType = sourcecode.swift; path = PGS_12926.swift; sourceTree = "<group>"; };
		200B82D62A9F8A4200806917 /* gameDevelop.swift */ = {isa = PBXFileReference; lastKnownFileType = sourcecode.swift; path = gameDevelop.swift; sourceTree = "<group>"; };
		2028F48C2AD83A43004349EF /* UpToDown.swift */ = {isa = PBXFileReference; lastKnownFileType = sourcecode.swift; path = UpToDown.swift; sourceTree = "<group>"; };
		202D622C29F0DEBC0058DF75 /* PGS_72410.swift */ = {isa = PBXFileReference; lastKnownFileType = sourcecode.swift; path = PGS_72410.swift; sourceTree = "<group>"; };
		202D622E29F101B70058DF75 /* PGS_77484.swift */ = {isa = PBXFileReference; lastKnownFileType = sourcecode.swift; path = PGS_77484.swift; sourceTree = "<group>"; };
		202E7CF629E8D5C7001BCF41 /* PGS_64061.swift */ = {isa = PBXFileReference; lastKnownFileType = sourcecode.swift; path = PGS_64061.swift; sourceTree = "<group>"; };
		202E7CF829E8DC1D001BCF41 /* PGS_17681.swift */ = {isa = PBXFileReference; lastKnownFileType = sourcecode.swift; path = PGS_17681.swift; sourceTree = "<group>"; };
		202EE68B2961B1C5003A504C /* PGS_120820.swift */ = {isa = PBXFileReference; lastKnownFileType = sourcecode.swift; path = PGS_120820.swift; sourceTree = "<group>"; };
		202EE68D2961B633003A504C /* PGS_120871.swift */ = {isa = PBXFileReference; lastKnownFileType = sourcecode.swift; path = PGS_120871.swift; sourceTree = "<group>"; };
		202EE6902961B82E003A504C /* PGS_12939.swift */ = {isa = PBXFileReference; lastKnownFileType = sourcecode.swift; path = PGS_12939.swift; sourceTree = "<group>"; };
		2031199A2956E3B0003C72DD /* PGS_120921.swift */ = {isa = PBXFileReference; lastKnownFileType = sourcecode.swift; path = PGS_120921.swift; sourceTree = "<group>"; };
		2031199C29572830003C72DD /* PGS_120880.swift */ = {isa = PBXFileReference; lastKnownFileType = sourcecode.swift; path = PGS_120880.swift; sourceTree = "<group>"; };
		2031199E2957344C003C72DD /* PGS_120868.swift */ = {isa = PBXFileReference; lastKnownFileType = sourcecode.swift; path = PGS_120868.swift; sourceTree = "<group>"; };
		20330559292F60940019D19F /* PGS_120924.swift */ = {isa = PBXFileReference; lastKnownFileType = sourcecode.swift; path = PGS_120924.swift; sourceTree = "<group>"; };
		2033055B292F69360019D19F /* BOJ_17210.swift */ = {isa = PBXFileReference; lastKnownFileType = sourcecode.swift; path = BOJ_17210.swift; sourceTree = "<group>"; };
		2033A58829DB9E7100EF8BC3 /* PGS_92335.swift */ = {isa = PBXFileReference; lastKnownFileType = sourcecode.swift; path = PGS_92335.swift; sourceTree = "<group>"; };
		2033A58A29DBA18F00EF8BC3 /* PGS_12981.swift */ = {isa = PBXFileReference; lastKnownFileType = sourcecode.swift; path = PGS_12981.swift; sourceTree = "<group>"; };
		2037320229E7951500486486 /* PGS_67257.swift */ = {isa = PBXFileReference; lastKnownFileType = sourcecode.swift; path = PGS_67257.swift; sourceTree = "<group>"; };
		2037320529E7A2E800486486 /* PGS_42583.swift */ = {isa = PBXFileReference; lastKnownFileType = sourcecode.swift; path = PGS_42583.swift; sourceTree = "<group>"; };
		2037320729E7B0AF00486486 /* PGS_42883.swift */ = {isa = PBXFileReference; lastKnownFileType = sourcecode.swift; path = PGS_42883.swift; sourceTree = "<group>"; };
		203DCF9A29DA811C00EDC700 /* PGS_92341.swift */ = {isa = PBXFileReference; lastKnownFileType = sourcecode.swift; path = PGS_92341.swift; sourceTree = "<group>"; };
		203EC0FC29E64C3D00469208 /* PGS_43165.swift */ = {isa = PBXFileReference; lastKnownFileType = sourcecode.swift; path = PGS_43165.swift; sourceTree = "<group>"; };
		203EC0FE29E65CFE00469208 /* PGS_60057.swift */ = {isa = PBXFileReference; lastKnownFileType = sourcecode.swift; path = PGS_60057.swift; sourceTree = "<group>"; };
		203EC10029E675C200469208 /* PGS_131127.swift */ = {isa = PBXFileReference; lastKnownFileType = sourcecode.swift; path = PGS_131127.swift; sourceTree = "<group>"; };
		2047D755291B74CB00E3A715 /* PSG_120884.swift */ = {isa = PBXFileReference; lastKnownFileType = sourcecode.swift; path = PSG_120884.swift; sourceTree = "<group>"; };
		2047D757291B770500E3A715 /* PGS_12950.swift */ = {isa = PBXFileReference; lastKnownFileType = sourcecode.swift; path = PGS_12950.swift; sourceTree = "<group>"; };
		205CC2552A7D354A00F557FC /* coin.swift */ = {isa = PBXFileReference; lastKnownFileType = sourcecode.swift; path = coin.swift; sourceTree = "<group>"; };
		205CC2572A7D366400F557FC /* lawOfLargeNumbers.swift */ = {isa = PBXFileReference; lastKnownFileType = sourcecode.swift; path = lawOfLargeNumbers.swift; sourceTree = "<group>"; };
		205CC2592A7D37FD00F557FC /* numberCardGame.swift */ = {isa = PBXFileReference; lastKnownFileType = sourcecode.swift; path = numberCardGame.swift; sourceTree = "<group>"; };
		205CC25B2A7D38DF00F557FC /* untilOne.swift */ = {isa = PBXFileReference; lastKnownFileType = sourcecode.swift; path = untilOne.swift; sourceTree = "<group>"; };
		205CC25F2A7D39C300F557FC /* adventurersGuild.swift */ = {isa = PBXFileReference; lastKnownFileType = sourcecode.swift; path = adventurersGuild.swift; sourceTree = "<group>"; };
		205CC2612A7D3B0B00F557FC /* multiplyOrAdd.swift */ = {isa = PBXFileReference; lastKnownFileType = sourcecode.swift; path = multiplyOrAdd.swift; sourceTree = "<group>"; };
		205CC2632A7D3B5400F557FC /* reverseString.swift */ = {isa = PBXFileReference; lastKnownFileType = sourcecode.swift; path = reverseString.swift; sourceTree = "<group>"; };
		205CC2652A7D473100F557FC /* priceCannotBeMade.swift */ = {isa = PBXFileReference; lastKnownFileType = sourcecode.swift; path = priceCannotBeMade.swift; sourceTree = "<group>"; };
		206A63142A865BF000CAEFEC /* muziEating.swift */ = {isa = PBXFileReference; lastKnownFileType = sourcecode.swift; path = muziEating.swift; sourceTree = "<group>"; };
		206A9A6F2AA60724003778FB /* LuckyStraight.swift */ = {isa = PBXFileReference; lastKnownFileType = sourcecode.swift; path = LuckyStraight.swift; sourceTree = "<group>"; };
		206A9A712AA77D45003778FB /* StringRearrange.swift */ = {isa = PBXFileReference; lastKnownFileType = sourcecode.swift; path = StringRearrange.swift; sourceTree = "<group>"; };
		206A9A732AA8C077003778FB /* PllarAndBeam.swift */ = {isa = PBXFileReference; lastKnownFileType = sourcecode.swift; path = PllarAndBeam.swift; sourceTree = "<group>"; };
		206A9A752AA9F0AF003778FB /* Snake.swift */ = {isa = PBXFileReference; lastKnownFileType = sourcecode.swift; path = Snake.swift; sourceTree = "<group>"; };
		206A9A772AAF42BE003778FB /* WallInspection.swift */ = {isa = PBXFileReference; lastKnownFileType = sourcecode.swift; path = WallInspection.swift; sourceTree = "<group>"; };
		2070F6462ACDB621000CDD60 /* MiroEscape.swift */ = {isa = PBXFileReference; lastKnownFileType = sourcecode.swift; path = MiroEscape.swift; sourceTree = "<group>"; };
		2070F6482ACE42A3000CDD60 /* IceMaker.swift */ = {isa = PBXFileReference; lastKnownFileType = sourcecode.swift; path = IceMaker.swift; sourceTree = "<group>"; };
		2074804A29374A1C00644AEF /* BOJ_4504.swift */ = {isa = PBXFileReference; lastKnownFileType = sourcecode.swift; path = BOJ_4504.swift; sourceTree = "<group>"; };
		2074804C2937519B00644AEF /* BOJ_9243.swift */ = {isa = PBXFileReference; lastKnownFileType = sourcecode.swift; path = BOJ_9243.swift; sourceTree = "<group>"; };
		2074804E29375F9100644AEF /* BOJ_7489.swift */ = {isa = PBXFileReference; lastKnownFileType = sourcecode.swift; path = BOJ_7489.swift; sourceTree = "<group>"; };
		207480502937627F00644AEF /* BOJ_2553.swift */ = {isa = PBXFileReference; lastKnownFileType = sourcecode.swift; path = BOJ_2553.swift; sourceTree = "<group>"; };
		2074A44429E530960065F96F /* PGS_72411.swift */ = {isa = PBXFileReference; lastKnownFileType = sourcecode.swift; path = PGS_72411.swift; sourceTree = "<group>"; };
		2076F9ED29D11EA0008799EA /* PGS_42842.swift */ = {isa = PBXFileReference; lastKnownFileType = sourcecode.swift; path = PGS_42842.swift; sourceTree = "<group>"; };
		2076F9EF29D12CDC008799EA /* PGS_17686.swift */ = {isa = PBXFileReference; lastKnownFileType = sourcecode.swift; path = PGS_17686.swift; sourceTree = "<group>"; };
		207B716529B8218E008DC698 /* PGS_135808.swift */ = {isa = PBXFileReference; lastKnownFileType = sourcecode.swift; path = PGS_135808.swift; sourceTree = "<group>"; };
		207B716729B824D7008DC698 /* PGS_12909.swift */ = {isa = PBXFileReference; lastKnownFileType = sourcecode.swift; path = PGS_12909.swift; sourceTree = "<group>"; };
		207CF714290BC3F7002911B2 /* PGS_120841.swift */ = {isa = PBXFileReference; lastKnownFileType = sourcecode.swift; path = PGS_120841.swift; sourceTree = "<group>"; };
		207DBB512912721100316B82 /* PGS_70128.swift */ = {isa = PBXFileReference; lastKnownFileType = sourcecode.swift; path = PGS_70128.swift; sourceTree = "<group>"; };
		207DBB53291277A600316B82 /* PGS_132267.swift */ = {isa = PBXFileReference; lastKnownFileType = sourcecode.swift; path = PGS_132267.swift; sourceTree = "<group>"; };
		207F306029DE685D0084963B /* PGS_118667.swift */ = {isa = PBXFileReference; lastKnownFileType = sourcecode.swift; path = PGS_118667.swift; sourceTree = "<group>"; };
		207F306229DE6E1B0084963B /* PGS_12949.swift */ = {isa = PBXFileReference; lastKnownFileType = sourcecode.swift; path = PGS_12949.swift; sourceTree = "<group>"; };
		2080040C29D7BD0700498BB5 /* PGS_70129.swift */ = {isa = PBXFileReference; lastKnownFileType = sourcecode.swift; path = PGS_70129.swift; sourceTree = "<group>"; };
		2080040E29D7BEB400498BB5 /* PGS_12911.swift */ = {isa = PBXFileReference; lastKnownFileType = sourcecode.swift; path = PGS_12911.swift; sourceTree = "<group>"; };
		2080041029D7C15400498BB5 /* PGS_12945.swift */ = {isa = PBXFileReference; lastKnownFileType = sourcecode.swift; path = PGS_12945.swift; sourceTree = "<group>"; };
		2080041229D7C76600498BB5 /* PGS_42587.swift */ = {isa = PBXFileReference; lastKnownFileType = sourcecode.swift; path = PGS_42587.swift; sourceTree = "<group>"; };
		208A00FA29C2AFF500611781 /* PGS_12985.swift */ = {isa = PBXFileReference; lastKnownFileType = sourcecode.swift; path = PGS_12985.swift; sourceTree = "<group>"; };
		208A00FC29C2B78B00611781 /* PGS_68935.swift */ = {isa = PBXFileReference; lastKnownFileType = sourcecode.swift; path = PGS_68935.swift; sourceTree = "<group>"; };
		208A00FE29C2BAFC00611781 /* PGS_17687.swift */ = {isa = PBXFileReference; lastKnownFileType = sourcecode.swift; path = PGS_17687.swift; sourceTree = "<group>"; };
		208DCB1D29C3F340007453D3 /* PGS_42578.swift */ = {isa = PBXFileReference; lastKnownFileType = sourcecode.swift; path = PGS_42578.swift; sourceTree = "<group>"; };
		208DCB1F29C406D1007453D3 /* PGS_17679.swift */ = {isa = PBXFileReference; lastKnownFileType = sourcecode.swift; path = PGS_17679.swift; sourceTree = "<group>"; };
		2091A21129E3C67B00C6C170 /* PGS_87390.swift */ = {isa = PBXFileReference; lastKnownFileType = sourcecode.swift; path = PGS_87390.swift; sourceTree = "<group>"; };
		2091A21329E3C9C200C6C170 /* PGS_42586.swift */ = {isa = PBXFileReference; lastKnownFileType = sourcecode.swift; path = PGS_42586.swift; sourceTree = "<group>"; };
		2094128C292618C9001DB342 /* BOJ_5789.swift */ = {isa = PBXFileReference; lastKnownFileType = sourcecode.swift; path = BOJ_5789.swift; sourceTree = "<group>"; };
		2094128E292629BC001DB342 /* BOJ_17618.swift */ = {isa = PBXFileReference; lastKnownFileType = sourcecode.swift; path = BOJ_17618.swift; sourceTree = "<group>"; };
		20962C4129C14D8C00D147F6 /* PGS_138476.swift */ = {isa = PBXFileReference; lastKnownFileType = sourcecode.swift; path = PGS_138476.swift; sourceTree = "<group>"; };
		20962C4329C16A5300D147F6 /* PGS_17684.swift */ = {isa = PBXFileReference; lastKnownFileType = sourcecode.swift; path = PGS_17684.swift; sourceTree = "<group>"; };
		209BC80029CA942E009904F0 /* PGS_150370.swift */ = {isa = PBXFileReference; lastKnownFileType = sourcecode.swift; path = PGS_150370.swift; sourceTree = "<group>"; };
		209BC80229CAAED7009904F0 /* PGS_150368.swift */ = {isa = PBXFileReference; lastKnownFileType = sourcecode.swift; path = PGS_150368.swift; sourceTree = "<group>"; };
		209D370029CBEED20011C0F4 /* PGS_12941.swift */ = {isa = PBXFileReference; lastKnownFileType = sourcecode.swift; path = PGS_12941.swift; sourceTree = "<group>"; };
		209D370229CBFA560011C0F4 /* PGS_17677.swift */ = {isa = PBXFileReference; lastKnownFileType = sourcecode.swift; path = PGS_17677.swift; sourceTree = "<group>"; };
		209F1E55296A4624006AA2BF /* PGS_120863.swift */ = {isa = PBXFileReference; lastKnownFileType = sourcecode.swift; path = PGS_120863.swift; sourceTree = "<group>"; };
		209F1E57296A4702006AA2BF /* PGS_120907.swift */ = {isa = PBXFileReference; lastKnownFileType = sourcecode.swift; path = PGS_120907.swift; sourceTree = "<group>"; };
		209F1E59296A64C4006AA2BF /* PGS_42748.swift */ = {isa = PBXFileReference; lastKnownFileType = sourcecode.swift; path = PGS_42748.swift; sourceTree = "<group>"; };
		20A1CAD92A924B6F0010D551 /* GymUniform.swift */ = {isa = PBXFileReference; lastKnownFileType = sourcecode.swift; path = GymUniform.swift; sourceTree = "<group>"; };
		20A453CA2A9CD99500533A74 /* upDownLeftRight.swift */ = {isa = PBXFileReference; lastKnownFileType = sourcecode.swift; path = upDownLeftRight.swift; sourceTree = "<group>"; };
		20A453CC2A9CDD9F00533A74 /* threeInTime.swift */ = {isa = PBXFileReference; lastKnownFileType = sourcecode.swift; path = threeInTime.swift; sourceTree = "<group>"; };
		20A453CE2A9CE6B200533A74 /* night.swift */ = {isa = PBXFileReference; lastKnownFileType = sourcecode.swift; path = night.swift; sourceTree = "<group>"; };
		20A7F32929BEC6D200661586 /* PGS_17680.swift */ = {isa = PBXFileReference; lastKnownFileType = sourcecode.swift; path = PGS_17680.swift; sourceTree = "<group>"; };
		20A7F32B29BED14200661586 /* PGS_76502.swift */ = {isa = PBXFileReference; lastKnownFileType = sourcecode.swift; path = PGS_76502.swift; sourceTree = "<group>"; };
		20AF311229DD05A6005D33A4 /* PGS_81302.swift */ = {isa = PBXFileReference; lastKnownFileType = sourcecode.swift; path = PGS_81302.swift; sourceTree = "<group>"; };
		20AF311429DD0D76005D33A4 /* PGS_12953.swift */ = {isa = PBXFileReference; lastKnownFileType = sourcecode.swift; path = PGS_12953.swift; sourceTree = "<group>"; };
		20AF311629DD13BF005D33A4 /* PGS_42747.swift */ = {isa = PBXFileReference; lastKnownFileType = sourcecode.swift; path = PGS_42747.swift; sourceTree = "<group>"; };
		20B2627029D51CE00001AB52 /* PGS_12980.swift */ = {isa = PBXFileReference; lastKnownFileType = sourcecode.swift; path = PGS_12980.swift; sourceTree = "<group>"; };
		20B2627229D52EEE0001AB52 /* PGS_49994.swift */ = {isa = PBXFileReference; lastKnownFileType = sourcecode.swift; path = PGS_49994.swift; sourceTree = "<group>"; };
		20C710F228FE3BAF002A7F08 /* AlogithmStudy */ = {isa = PBXFileReference; explicitFileType = "compiled.mach-o.executable"; includeInIndex = 0; path = AlogithmStudy; sourceTree = BUILT_PRODUCTS_DIR; };
		20C710F528FE3BAF002A7F08 /* main.swift */ = {isa = PBXFileReference; lastKnownFileType = sourcecode.swift; path = main.swift; sourceTree = "<group>"; };
		20C710FE28FE3BD2002A7F08 /* PGS_82612.swift */ = {isa = PBXFileReference; lastKnownFileType = sourcecode.swift; path = PGS_82612.swift; sourceTree = "<group>"; };
		20C801AE29C95E4F0021BD1D /* PGS_77485.swift */ = {isa = PBXFileReference; lastKnownFileType = sourcecode.swift; path = PGS_77485.swift; sourceTree = "<group>"; };
		20C81E94297D6B2A00C0F969 /* PGS_120923.swift */ = {isa = PBXFileReference; lastKnownFileType = sourcecode.swift; path = PGS_120923.swift; sourceTree = "<group>"; };
		20CE27492AB353E10088A986 /* LockAndKey.swift */ = {isa = PBXFileReference; lastKnownFileType = sourcecode.swift; path = LockAndKey.swift; sourceTree = "<group>"; };
		20CE274B2AB89BE80088A986 /* ChickenStreet.swift */ = {isa = PBXFileReference; lastKnownFileType = sourcecode.swift; path = ChickenStreet.swift; sourceTree = "<group>"; };
		20D37BD829D65F84006BFED0 /* PGS_87946.swift */ = {isa = PBXFileReference; lastKnownFileType = sourcecode.swift; path = PGS_87946.swift; sourceTree = "<group>"; };
		20D37BDA29D66FCD006BFED0 /* PGS_12913.swift */ = {isa = PBXFileReference; lastKnownFileType = sourcecode.swift; path = PGS_12913.swift; sourceTree = "<group>"; };
		20D3C44229D28A8200C9488B /* PGS_12914.swift */ = {isa = PBXFileReference; lastKnownFileType = sourcecode.swift; path = PGS_12914.swift; sourceTree = "<group>"; };
		20D3C44429D2914A00C9488B /* PGS_131701.swift */ = {isa = PBXFileReference; lastKnownFileType = sourcecode.swift; path = PGS_131701.swift; sourceTree = "<group>"; };
		20D5E7422979802400FB78A8 /* PGS_12951.swift */ = {isa = PBXFileReference; lastKnownFileType = sourcecode.swift; path = PGS_12951.swift; sourceTree = "<group>"; };
		20D5E744297980BC00FB78A8 /* PGS_147355.swift */ = {isa = PBXFileReference; lastKnownFileType = sourcecode.swift; path = PGS_147355.swift; sourceTree = "<group>"; };
		20D6A8592A93AA61004EB565 /* Stairs.swift */ = {isa = PBXFileReference; lastKnownFileType = sourcecode.swift; path = Stairs.swift; sourceTree = "<group>"; };
		20D7AD8129C00558009BF598 /* PGS_12973.swift */ = {isa = PBXFileReference; lastKnownFileType = sourcecode.swift; path = PGS_12973.swift; sourceTree = "<group>"; };
		20D7AD8329C009BA009BF598 /* PGS_42888.swift */ = {isa = PBXFileReference; lastKnownFileType = sourcecode.swift; path = PGS_42888.swift; sourceTree = "<group>"; };
		20D9BF4C29D3CEF8004DAF21 /* PGS_64065.swift */ = {isa = PBXFileReference; lastKnownFileType = sourcecode.swift; path = PGS_64065.swift; sourceTree = "<group>"; };
		20D9BF4E29D3DCAC004DAF21 /* PGS_84512.swift */ = {isa = PBXFileReference; lastKnownFileType = sourcecode.swift; path = PGS_84512.swift; sourceTree = "<group>"; };
		20E196AE294971D500A6CDD2 /* BOJ_2163.swift */ = {isa = PBXFileReference; lastKnownFileType = sourcecode.swift; path = BOJ_2163.swift; sourceTree = "<group>"; };
		20E196B029497EE100A6CDD2 /* PGS_133502.swift */ = {isa = PBXFileReference; lastKnownFileType = sourcecode.swift; path = PGS_133502.swift; sourceTree = "<group>"; };
		20E906CE2944815800D39BB6 /* PGS_142086.swift */ = {isa = PBXFileReference; lastKnownFileType = sourcecode.swift; path = PGS_142086.swift; sourceTree = "<group>"; };
		20FC873E2943773700079606 /* BOJ_9366.swift */ = {isa = PBXFileReference; lastKnownFileType = sourcecode.swift; path = BOJ_9366.swift; sourceTree = "<group>"; };
		20FEC29029ECD0E200816EB6 /* PGS_118666.swift */ = {isa = PBXFileReference; lastKnownFileType = sourcecode.swift; path = PGS_118666.swift; sourceTree = "<group>"; };
		20FEC29229ECD61400816EB6 /* PGS_92334.swift */ = {isa = PBXFileReference; lastKnownFileType = sourcecode.swift; path = PGS_92334.swift; sourceTree = "<group>"; };
		20FFC0D12A8139F4001C3DC5 /* choiceBollingBall.swift */ = {isa = PBXFileReference; lastKnownFileType = sourcecode.swift; path = choiceBollingBall.swift; sourceTree = "<group>"; };
/* End PBXFileReference section */

/* Begin PBXFrameworksBuildPhase section */
		20C710EF28FE3BAF002A7F08 /* Frameworks */ = {
			isa = PBXFrameworksBuildPhase;
			buildActionMask = 2147483647;
			files = (
			);
			runOnlyForDeploymentPostprocessing = 0;
		};
/* End PBXFrameworksBuildPhase section */

/* Begin PBXGroup section */
		2028F48B2AD83A08004349EF /* Sort */ = {
			isa = PBXGroup;
			children = (
				2028F48C2AD83A43004349EF /* UpToDown.swift */,
			);
			path = Sort;
			sourceTree = "<group>";
		};
		202EE68F2961B805003A504C /* LEVEL_2 */ = {
			isa = PBXGroup;
			children = (
				202EE6902961B82E003A504C /* PGS_12939.swift */,
				20D5E7422979802400FB78A8 /* PGS_12951.swift */,
				207B716729B824D7008DC698 /* PGS_12909.swift */,
				20A7F32929BEC6D200661586 /* PGS_17680.swift */,
				20A7F32B29BED14200661586 /* PGS_76502.swift */,
				20D7AD8129C00558009BF598 /* PGS_12973.swift */,
				20D7AD8329C009BA009BF598 /* PGS_42888.swift */,
				20962C4129C14D8C00D147F6 /* PGS_138476.swift */,
				20962C4329C16A5300D147F6 /* PGS_17684.swift */,
				208A00FA29C2AFF500611781 /* PGS_12985.swift */,
				208A00FE29C2BAFC00611781 /* PGS_17687.swift */,
				208DCB1D29C3F340007453D3 /* PGS_42578.swift */,
				208DCB1F29C406D1007453D3 /* PGS_17679.swift */,
				20C801AE29C95E4F0021BD1D /* PGS_77485.swift */,
				209BC80229CAAED7009904F0 /* PGS_150368.swift */,
				209D370029CBEED20011C0F4 /* PGS_12941.swift */,
				209D370229CBFA560011C0F4 /* PGS_17677.swift */,
				2076F9ED29D11EA0008799EA /* PGS_42842.swift */,
				2076F9EF29D12CDC008799EA /* PGS_17686.swift */,
				20D3C44229D28A8200C9488B /* PGS_12914.swift */,
				20D3C44429D2914A00C9488B /* PGS_131701.swift */,
				20D9BF4C29D3CEF8004DAF21 /* PGS_64065.swift */,
				20D9BF4E29D3DCAC004DAF21 /* PGS_84512.swift */,
				20B2627029D51CE00001AB52 /* PGS_12980.swift */,
				20B2627229D52EEE0001AB52 /* PGS_49994.swift */,
				20D37BD829D65F84006BFED0 /* PGS_87946.swift */,
				20D37BDA29D66FCD006BFED0 /* PGS_12913.swift */,
				2080040C29D7BD0700498BB5 /* PGS_70129.swift */,
				2080040E29D7BEB400498BB5 /* PGS_12911.swift */,
				2080041029D7C15400498BB5 /* PGS_12945.swift */,
				2080041229D7C76600498BB5 /* PGS_42587.swift */,
				203DCF9A29DA811C00EDC700 /* PGS_92341.swift */,
				2033A58829DB9E7100EF8BC3 /* PGS_92335.swift */,
				2033A58A29DBA18F00EF8BC3 /* PGS_12981.swift */,
				20AF311229DD05A6005D33A4 /* PGS_81302.swift */,
				20AF311429DD0D76005D33A4 /* PGS_12953.swift */,
				20AF311629DD13BF005D33A4 /* PGS_42747.swift */,
				207F306029DE685D0084963B /* PGS_118667.swift */,
				207F306229DE6E1B0084963B /* PGS_12949.swift */,
				2091A21129E3C67B00C6C170 /* PGS_87390.swift */,
				2091A21329E3C9C200C6C170 /* PGS_42586.swift */,
				2074A44429E530960065F96F /* PGS_72411.swift */,
				203EC0FC29E64C3D00469208 /* PGS_43165.swift */,
				203EC0FE29E65CFE00469208 /* PGS_60057.swift */,
				203EC10029E675C200469208 /* PGS_131127.swift */,
				2037320229E7951500486486 /* PGS_67257.swift */,
				2037320529E7A2E800486486 /* PGS_42583.swift */,
				2037320729E7B0AF00486486 /* PGS_42883.swift */,
			);
			path = LEVEL_2;
			sourceTree = "<group>";
		};
		205CC2532A7D343400F557FC /* Study */ = {
			isa = PBXGroup;
			children = (
				2028F48B2AD83A08004349EF /* Sort */,
				2070F6442ACDAF98000CDD60 /* BFSDFS */,
				20A453C82A9CD92B00533A74 /* Implement */,
				205CC2542A7D344000F557FC /* Greedy */,
			);
			path = Study;
			sourceTree = "<group>";
		};
		205CC2542A7D344000F557FC /* Greedy */ = {
			isa = PBXGroup;
			children = (
				205CC25E2A7D39A200F557FC /* Past */,
				205CC25D2A7D395A00F557FC /* Practice */,
				20A1CAD92A924B6F0010D551 /* GymUniform.swift */,
				20D6A8592A93AA61004EB565 /* Stairs.swift */,
			);
			path = Greedy;
			sourceTree = "<group>";
		};
		205CC25D2A7D395A00F557FC /* Practice */ = {
			isa = PBXGroup;
			children = (
				205CC2552A7D354A00F557FC /* coin.swift */,
				205CC2572A7D366400F557FC /* lawOfLargeNumbers.swift */,
				205CC2592A7D37FD00F557FC /* numberCardGame.swift */,
				205CC25B2A7D38DF00F557FC /* untilOne.swift */,
			);
			path = Practice;
			sourceTree = "<group>";
		};
		205CC25E2A7D39A200F557FC /* Past */ = {
			isa = PBXGroup;
			children = (
				205CC25F2A7D39C300F557FC /* adventurersGuild.swift */,
				205CC2612A7D3B0B00F557FC /* multiplyOrAdd.swift */,
				205CC2632A7D3B5400F557FC /* reverseString.swift */,
				205CC2652A7D473100F557FC /* priceCannotBeMade.swift */,
				20FFC0D12A8139F4001C3DC5 /* choiceBollingBall.swift */,
				206A63142A865BF000CAEFEC /* muziEating.swift */,
			);
			path = Past;
			sourceTree = "<group>";
		};
		206A9A6E2AA606F6003778FB /* Past */ = {
			isa = PBXGroup;
			children = (
				206A9A6F2AA60724003778FB /* LuckyStraight.swift */,
				206A9A712AA77D45003778FB /* StringRearrange.swift */,
				206A9A752AA9F0AF003778FB /* Snake.swift */,
				206A9A732AA8C077003778FB /* PllarAndBeam.swift */,
				206A9A772AAF42BE003778FB /* WallInspection.swift */,
				20CE27492AB353E10088A986 /* LockAndKey.swift */,
				20CE274B2AB89BE80088A986 /* ChickenStreet.swift */,
			);
			path = Past;
			sourceTree = "<group>";
		};
		2070F6442ACDAF98000CDD60 /* BFSDFS */ = {
			isa = PBXGroup;
			children = (
				2070F6452ACDB41E000CDD60 /* Practice */,
			);
			path = BFSDFS;
			sourceTree = "<group>";
		};
		2070F6452ACDB41E000CDD60 /* Practice */ = {
			isa = PBXGroup;
			children = (
				2070F6462ACDB621000CDD60 /* MiroEscape.swift */,
				2070F6482ACE42A3000CDD60 /* IceMaker.swift */,
			);
			path = Practice;
			sourceTree = "<group>";
		};
		207CF713290BC3E4002911B2 /* LEVEL_0 */ = {
			isa = PBXGroup;
			children = (
				207CF714290BC3F7002911B2 /* PGS_120841.swift */,
				2047D755291B74CB00E3A715 /* PSG_120884.swift */,
				20330559292F60940019D19F /* PGS_120924.swift */,
				2031199A2956E3B0003C72DD /* PGS_120921.swift */,
				2031199C29572830003C72DD /* PGS_120880.swift */,
				2031199E2957344C003C72DD /* PGS_120868.swift */,
				202EE68B2961B1C5003A504C /* PGS_120820.swift */,
				202EE68D2961B633003A504C /* PGS_120871.swift */,
				209F1E55296A4624006AA2BF /* PGS_120863.swift */,
				209F1E57296A4702006AA2BF /* PGS_120907.swift */,
			);
			path = LEVEL_0;
			sourceTree = "<group>";
		};
		2094128A2926185C001DB342 /* BOJ */ = {
			isa = PBXGroup;
			children = (
				20E196AD2949717300A6CDD2 /* SILVER */,
				2094128B29261873001DB342 /* BRONZE */,
			);
			path = BOJ;
			sourceTree = "<group>";
		};
		2094128B29261873001DB342 /* BRONZE */ = {
			isa = PBXGroup;
			children = (
				2094128C292618C9001DB342 /* BOJ_5789.swift */,
				2094128E292629BC001DB342 /* BOJ_17618.swift */,
				2033055B292F69360019D19F /* BOJ_17210.swift */,
				2074804A29374A1C00644AEF /* BOJ_4504.swift */,
				2074804C2937519B00644AEF /* BOJ_9243.swift */,
				2074804E29375F9100644AEF /* BOJ_7489.swift */,
				20FC873E2943773700079606 /* BOJ_9366.swift */,
				20E196AE294971D500A6CDD2 /* BOJ_2163.swift */,
			);
			path = BRONZE;
			sourceTree = "<group>";
		};
		20A453C82A9CD92B00533A74 /* Implement */ = {
			isa = PBXGroup;
			children = (
				206A9A6E2AA606F6003778FB /* Past */,
				20A453C92A9CD96B00533A74 /* Practice */,
			);
			path = Implement;
			sourceTree = "<group>";
		};
		20A453C92A9CD96B00533A74 /* Practice */ = {
			isa = PBXGroup;
			children = (
				20A453CA2A9CD99500533A74 /* upDownLeftRight.swift */,
				20A453CC2A9CDD9F00533A74 /* threeInTime.swift */,
				20A453CE2A9CE6B200533A74 /* night.swift */,
				200B82D62A9F8A4200806917 /* gameDevelop.swift */,
			);
			path = Practice;
			sourceTree = "<group>";
		};
		20C710E928FE3BAF002A7F08 = {
			isa = PBXGroup;
			children = (
				20C710F428FE3BAF002A7F08 /* AlogithmStudy */,
				20C710F328FE3BAF002A7F08 /* Products */,
			);
			sourceTree = "<group>";
		};
		20C710F328FE3BAF002A7F08 /* Products */ = {
			isa = PBXGroup;
			children = (
				20C710F228FE3BAF002A7F08 /* AlogithmStudy */,
			);
			name = Products;
			sourceTree = "<group>";
		};
		20C710F428FE3BAF002A7F08 /* AlogithmStudy */ = {
			isa = PBXGroup;
			children = (
				20C710F528FE3BAF002A7F08 /* main.swift */,
				205CC2532A7D343400F557FC /* Study */,
				2094128A2926185C001DB342 /* BOJ */,
				20C710FC28FE3BB6002A7F08 /* PSG */,
			);
			path = AlogithmStudy;
			sourceTree = "<group>";
		};
		20C710FC28FE3BB6002A7F08 /* PSG */ = {
			isa = PBXGroup;
			children = (
				207CF713290BC3E4002911B2 /* LEVEL_0 */,
				20C710FD28FE3BBC002A7F08 /* LEVEL_1 */,
				202EE68F2961B805003A504C /* LEVEL_2 */,
			);
			path = PSG;
			sourceTree = "<group>";
		};
		20C710FD28FE3BBC002A7F08 /* LEVEL_1 */ = {
			isa = PBXGroup;
			children = (
				20C710FE28FE3BD2002A7F08 /* PGS_82612.swift */,
				207DBB512912721100316B82 /* PGS_70128.swift */,
				207DBB53291277A600316B82 /* PGS_132267.swift */,
				2047D757291B770500E3A715 /* PGS_12950.swift */,
				20E906CE2944815800D39BB6 /* PGS_142086.swift */,
				2000FEA82945CCC20066931D /* PGS_12926.swift */,
				20E196B029497EE100A6CDD2 /* PGS_133502.swift */,
				209F1E59296A64C4006AA2BF /* PGS_42748.swift */,
				20D5E744297980BC00FB78A8 /* PGS_147355.swift */,
				20C81E94297D6B2A00C0F969 /* PGS_120923.swift */,
				207B716529B8218E008DC698 /* PGS_135808.swift */,
				208A00FC29C2B78B00611781 /* PGS_68935.swift */,
				209BC80029CA942E009904F0 /* PGS_150370.swift */,
				202E7CF629E8D5C7001BCF41 /* PGS_64061.swift */,
				202E7CF829E8DC1D001BCF41 /* PGS_17681.swift */,
				20FEC29029ECD0E200816EB6 /* PGS_118666.swift */,
				20FEC29229ECD61400816EB6 /* PGS_92334.swift */,
				202D622C29F0DEBC0058DF75 /* PGS_72410.swift */,
				202D622E29F101B70058DF75 /* PGS_77484.swift */,
			);
			path = LEVEL_1;
			sourceTree = "<group>";
		};
		20E196AD2949717300A6CDD2 /* SILVER */ = {
			isa = PBXGroup;
			children = (
				207480502937627F00644AEF /* BOJ_2553.swift */,
			);
			path = SILVER;
			sourceTree = "<group>";
		};
/* End PBXGroup section */

/* Begin PBXNativeTarget section */
		20C710F128FE3BAF002A7F08 /* AlogithmStudy */ = {
			isa = PBXNativeTarget;
			buildConfigurationList = 20C710F928FE3BAF002A7F08 /* Build configuration list for PBXNativeTarget "AlogithmStudy" */;
			buildPhases = (
				20C710EE28FE3BAF002A7F08 /* Sources */,
				20C710EF28FE3BAF002A7F08 /* Frameworks */,
				20C710F028FE3BAF002A7F08 /* CopyFiles */,
			);
			buildRules = (
			);
			dependencies = (
			);
			name = AlogithmStudy;
			productName = AlogithmStudy;
			productReference = 20C710F228FE3BAF002A7F08 /* AlogithmStudy */;
			productType = "com.apple.product-type.tool";
		};
/* End PBXNativeTarget section */

/* Begin PBXProject section */
		20C710EA28FE3BAF002A7F08 /* Project object */ = {
			isa = PBXProject;
			attributes = {
				BuildIndependentTargetsInParallel = 1;
				LastSwiftUpdateCheck = 1340;
				LastUpgradeCheck = 1340;
				TargetAttributes = {
					20C710F128FE3BAF002A7F08 = {
						CreatedOnToolsVersion = 13.4.1;
					};
				};
			};
			buildConfigurationList = 20C710ED28FE3BAF002A7F08 /* Build configuration list for PBXProject "AlogithmStudy" */;
			compatibilityVersion = "Xcode 13.0";
			developmentRegion = en;
			hasScannedForEncodings = 0;
			knownRegions = (
				en,
				Base,
			);
			mainGroup = 20C710E928FE3BAF002A7F08;
			productRefGroup = 20C710F328FE3BAF002A7F08 /* Products */;
			projectDirPath = "";
			projectRoot = "";
			targets = (
				20C710F128FE3BAF002A7F08 /* AlogithmStudy */,
			);
		};
/* End PBXProject section */

/* Begin PBXSourcesBuildPhase section */
		20C710EE28FE3BAF002A7F08 /* Sources */ = {
			isa = PBXSourcesBuildPhase;
			buildActionMask = 2147483647;
			files = (
				206A63152A865BF000CAEFEC /* muziEating.swift in Sources */,
				20D9BF4D29D3CEF8004DAF21 /* PGS_64065.swift in Sources */,
				20A1CADA2A924B6F0010D551 /* GymUniform.swift in Sources */,
				2080040F29D7BEB400498BB5 /* PGS_12911.swift in Sources */,
				2074804D2937519B00644AEF /* BOJ_9243.swift in Sources */,
				2033A58B29DBA18F00EF8BC3 /* PGS_12981.swift in Sources */,
				20D5E745297980BC00FB78A8 /* PGS_147355.swift in Sources */,
				20C710FF28FE3BD2002A7F08 /* PGS_82612.swift in Sources */,
				2091A21429E3C9C200C6C170 /* PGS_42586.swift in Sources */,
				206A9A762AA9F0AF003778FB /* Snake.swift in Sources */,
				207F306129DE685D0084963B /* PGS_118667.swift in Sources */,
				2033A58929DB9E7100EF8BC3 /* PGS_92335.swift in Sources */,
				2094128F292629BC001DB342 /* BOJ_17618.swift in Sources */,
				206A9A722AA77D45003778FB /* StringRearrange.swift in Sources */,
				2031199F2957344C003C72DD /* PGS_120868.swift in Sources */,
				206A9A782AAF42BE003778FB /* WallInspection.swift in Sources */,
				20962C4429C16A5300D147F6 /* PGS_17684.swift in Sources */,
				20C81E95297D6B2A00C0F969 /* PGS_120923.swift in Sources */,
				20D3C44529D2914A00C9488B /* PGS_131701.swift in Sources */,
				2070F6472ACDB621000CDD60 /* MiroEscape.swift in Sources */,
				2080041129D7C15400498BB5 /* PGS_12945.swift in Sources */,
				208A00FB29C2AFF500611781 /* PGS_12985.swift in Sources */,
				209F1E56296A4624006AA2BF /* PGS_120863.swift in Sources */,
				205CC2562A7D354A00F557FC /* coin.swift in Sources */,
				205CC2582A7D366400F557FC /* lawOfLargeNumbers.swift in Sources */,
				202D622D29F0DEBC0058DF75 /* PGS_72410.swift in Sources */,
				205CC25A2A7D37FD00F557FC /* numberCardGame.swift in Sources */,
				20D37BDB29D66FCD006BFED0 /* PGS_12913.swift in Sources */,
				202E7CF729E8D5C7001BCF41 /* PGS_64061.swift in Sources */,
				203EC0FD29E64C3D00469208 /* PGS_43165.swift in Sources */,
				2031199D29572830003C72DD /* PGS_120880.swift in Sources */,
				2033055A292F60940019D19F /* PGS_120924.swift in Sources */,
				209BC80129CA942E009904F0 /* PGS_150370.swift in Sources */,
				20D5E7432979802400FB78A8 /* PGS_12951.swift in Sources */,
				208A00FD29C2B78C00611781 /* PGS_68935.swift in Sources */,
				20AF311329DD05A6005D33A4 /* PGS_81302.swift in Sources */,
				205CC25C2A7D38DF00F557FC /* untilOne.swift in Sources */,
				2047D756291B74CB00E3A715 /* PSG_120884.swift in Sources */,
				206A9A702AA60724003778FB /* LuckyStraight.swift in Sources */,
				208DCB2029C406D1007453D3 /* PGS_17679.swift in Sources */,
				205CC2662A7D473100F557FC /* priceCannotBeMade.swift in Sources */,
				20E906CF2944815800D39BB6 /* PGS_142086.swift in Sources */,
				202E7CF929E8DC1D001BCF41 /* PGS_17681.swift in Sources */,
				20A453CB2A9CD99500533A74 /* upDownLeftRight.swift in Sources */,
				20AF311729DD13BF005D33A4 /* PGS_42747.swift in Sources */,
				2047D758291B770500E3A715 /* PGS_12950.swift in Sources */,
				20A7F32A29BEC6D200661586 /* PGS_17680.swift in Sources */,
				20FEC29129ECD0E200816EB6 /* PGS_118666.swift in Sources */,
				20A453CD2A9CDD9F00533A74 /* threeInTime.swift in Sources */,
				202EE68C2961B1C5003A504C /* PGS_120820.swift in Sources */,
				209F1E58296A4702006AA2BF /* PGS_120907.swift in Sources */,
				2091A21229E3C67B00C6C170 /* PGS_87390.swift in Sources */,
				20C710F628FE3BAF002A7F08 /* main.swift in Sources */,
				20B2627329D52EEE0001AB52 /* PGS_49994.swift in Sources */,
				203DCF9B29DA811C00EDC700 /* PGS_92341.swift in Sources */,
				20D3C44329D28A8200C9488B /* PGS_12914.swift in Sources */,
				200B82D72A9F8A4200806917 /* gameDevelop.swift in Sources */,
				205CC2622A7D3B0B00F557FC /* multiplyOrAdd.swift in Sources */,
				2070F6492ACE42A3000CDD60 /* IceMaker.swift in Sources */,
				20A453CF2A9CE6B200533A74 /* night.swift in Sources */,
				207480512937627F00644AEF /* BOJ_2553.swift in Sources */,
				2033055C292F69360019D19F /* BOJ_17210.swift in Sources */,
				20A7F32C29BED14200661586 /* PGS_76502.swift in Sources */,
				202D622F29F101B70058DF75 /* PGS_77484.swift in Sources */,
				2037320629E7A2E800486486 /* PGS_42583.swift in Sources */,
				20E196B129497EE100A6CDD2 /* PGS_133502.swift in Sources */,
				20CE274C2AB89BE80088A986 /* ChickenStreet.swift in Sources */,
				2031199B2956E3B0003C72DD /* PGS_120921.swift in Sources */,
				207B716829B824D7008DC698 /* PGS_12909.swift in Sources */,
				208A00FF29C2BAFC00611781 /* PGS_17687.swift in Sources */,
				20D7AD8229C00558009BF598 /* PGS_12973.swift in Sources */,
				202EE6912961B82E003A504C /* PGS_12939.swift in Sources */,
				207CF715290BC3F7002911B2 /* PGS_120841.swift in Sources */,
				2000FEA92945CCC20066931D /* PGS_12926.swift in Sources */,
				207B716629B8218E008DC698 /* PGS_135808.swift in Sources */,
				205CC2642A7D3B5400F557FC /* reverseString.swift in Sources */,
				20B2627129D51CE00001AB52 /* PGS_12980.swift in Sources */,
				20962C4229C14D8C00D147F6 /* PGS_138476.swift in Sources */,
				2076F9F029D12CDC008799EA /* PGS_17686.swift in Sources */,
				208DCB1E29C3F340007453D3 /* PGS_42578.swift in Sources */,
				202EE68E2961B633003A504C /* PGS_120871.swift in Sources */,
				2074A44529E530960065F96F /* PGS_72411.swift in Sources */,
				20E196AF294971D500A6CDD2 /* BOJ_2163.swift in Sources */,
				2074804F29375F9100644AEF /* BOJ_7489.swift in Sources */,
				20D6A85A2A93AA61004EB565 /* Stairs.swift in Sources */,
				2076F9EE29D11EA0008799EA /* PGS_42842.swift in Sources */,
				2028F48D2AD83A43004349EF /* UpToDown.swift in Sources */,
				20C801AF29C95E4F0021BD1D /* PGS_77485.swift in Sources */,
				20AF311529DD0D76005D33A4 /* PGS_12953.swift in Sources */,
				203EC0FF29E65CFE00469208 /* PGS_60057.swift in Sources */,
				20FEC29329ECD61400816EB6 /* PGS_92334.swift in Sources */,
				20D7AD8429C009BA009BF598 /* PGS_42888.swift in Sources */,
				20FC873F2943773700079606 /* BOJ_9366.swift in Sources */,
				20D9BF4F29D3DCAC004DAF21 /* PGS_84512.swift in Sources */,
				2037320829E7B0AF00486486 /* PGS_42883.swift in Sources */,
				209F1E5A296A64C4006AA2BF /* PGS_42748.swift in Sources */,
				209BC80329CAAED7009904F0 /* PGS_150368.swift in Sources */,
				2074804B29374A1C00644AEF /* BOJ_4504.swift in Sources */,
				2094128D292618C9001DB342 /* BOJ_5789.swift in Sources */,
				205CC2602A7D39C300F557FC /* adventurersGuild.swift in Sources */,
				203EC10129E675C200469208 /* PGS_131127.swift in Sources */,
				207DBB522912721100316B82 /* PGS_70128.swift in Sources */,
				207DBB54291277A600316B82 /* PGS_132267.swift in Sources */,
				209D370129CBEED20011C0F4 /* PGS_12941.swift in Sources */,
				2037320329E7951500486486 /* PGS_67257.swift in Sources */,
				2080040D29D7BD0700498BB5 /* PGS_70129.swift in Sources */,
				206A9A742AA8C077003778FB /* PllarAndBeam.swift in Sources */,
				207F306329DE6E1B0084963B /* PGS_12949.swift in Sources */,
				2080041329D7C76600498BB5 /* PGS_42587.swift in Sources */,
				209D370329CBFA560011C0F4 /* PGS_17677.swift in Sources */,
				20D37BD929D65F84006BFED0 /* PGS_87946.swift in Sources */,
				20CE274A2AB353E10088A986 /* LockAndKey.swift in Sources */,
				20FFC0D22A8139F4001C3DC5 /* choiceBollingBall.swift in Sources */,
			);
			runOnlyForDeploymentPostprocessing = 0;
		};
/* End PBXSourcesBuildPhase section */

/* Begin XCBuildConfiguration section */
		20C710F728FE3BAF002A7F08 /* Debug */ = {
			isa = XCBuildConfiguration;
			buildSettings = {
				ALWAYS_SEARCH_USER_PATHS = NO;
				CLANG_ANALYZER_NONNULL = YES;
				CLANG_ANALYZER_NUMBER_OBJECT_CONVERSION = YES_AGGRESSIVE;
				CLANG_CXX_LANGUAGE_STANDARD = "gnu++17";
				CLANG_ENABLE_MODULES = YES;
				CLANG_ENABLE_OBJC_ARC = YES;
				CLANG_ENABLE_OBJC_WEAK = YES;
				CLANG_WARN_BLOCK_CAPTURE_AUTORELEASING = YES;
				CLANG_WARN_BOOL_CONVERSION = YES;
				CLANG_WARN_COMMA = YES;
				CLANG_WARN_CONSTANT_CONVERSION = YES;
				CLANG_WARN_DEPRECATED_OBJC_IMPLEMENTATIONS = YES;
				CLANG_WARN_DIRECT_OBJC_ISA_USAGE = YES_ERROR;
				CLANG_WARN_DOCUMENTATION_COMMENTS = YES;
				CLANG_WARN_EMPTY_BODY = YES;
				CLANG_WARN_ENUM_CONVERSION = YES;
				CLANG_WARN_INFINITE_RECURSION = YES;
				CLANG_WARN_INT_CONVERSION = YES;
				CLANG_WARN_NON_LITERAL_NULL_CONVERSION = YES;
				CLANG_WARN_OBJC_IMPLICIT_RETAIN_SELF = YES;
				CLANG_WARN_OBJC_LITERAL_CONVERSION = YES;
				CLANG_WARN_OBJC_ROOT_CLASS = YES_ERROR;
				CLANG_WARN_QUOTED_INCLUDE_IN_FRAMEWORK_HEADER = YES;
				CLANG_WARN_RANGE_LOOP_ANALYSIS = YES;
				CLANG_WARN_STRICT_PROTOTYPES = YES;
				CLANG_WARN_SUSPICIOUS_MOVE = YES;
				CLANG_WARN_UNGUARDED_AVAILABILITY = YES_AGGRESSIVE;
				CLANG_WARN_UNREACHABLE_CODE = YES;
				CLANG_WARN__DUPLICATE_METHOD_MATCH = YES;
				COPY_PHASE_STRIP = NO;
				DEBUG_INFORMATION_FORMAT = dwarf;
				ENABLE_STRICT_OBJC_MSGSEND = YES;
				ENABLE_TESTABILITY = YES;
				GCC_C_LANGUAGE_STANDARD = gnu11;
				GCC_DYNAMIC_NO_PIC = NO;
				GCC_NO_COMMON_BLOCKS = YES;
				GCC_OPTIMIZATION_LEVEL = 0;
				GCC_PREPROCESSOR_DEFINITIONS = (
					"DEBUG=1",
					"$(inherited)",
				);
				GCC_WARN_64_TO_32_BIT_CONVERSION = YES;
				GCC_WARN_ABOUT_RETURN_TYPE = YES_ERROR;
				GCC_WARN_UNDECLARED_SELECTOR = YES;
				GCC_WARN_UNINITIALIZED_AUTOS = YES_AGGRESSIVE;
				GCC_WARN_UNUSED_FUNCTION = YES;
				GCC_WARN_UNUSED_VARIABLE = YES;
				MACOSX_DEPLOYMENT_TARGET = 12.3;
				MTL_ENABLE_DEBUG_INFO = INCLUDE_SOURCE;
				MTL_FAST_MATH = YES;
				ONLY_ACTIVE_ARCH = YES;
				SDKROOT = macosx;
				SWIFT_ACTIVE_COMPILATION_CONDITIONS = DEBUG;
				SWIFT_OPTIMIZATION_LEVEL = "-Onone";
			};
			name = Debug;
		};
		20C710F828FE3BAF002A7F08 /* Release */ = {
			isa = XCBuildConfiguration;
			buildSettings = {
				ALWAYS_SEARCH_USER_PATHS = NO;
				CLANG_ANALYZER_NONNULL = YES;
				CLANG_ANALYZER_NUMBER_OBJECT_CONVERSION = YES_AGGRESSIVE;
				CLANG_CXX_LANGUAGE_STANDARD = "gnu++17";
				CLANG_ENABLE_MODULES = YES;
				CLANG_ENABLE_OBJC_ARC = YES;
				CLANG_ENABLE_OBJC_WEAK = YES;
				CLANG_WARN_BLOCK_CAPTURE_AUTORELEASING = YES;
				CLANG_WARN_BOOL_CONVERSION = YES;
				CLANG_WARN_COMMA = YES;
				CLANG_WARN_CONSTANT_CONVERSION = YES;
				CLANG_WARN_DEPRECATED_OBJC_IMPLEMENTATIONS = YES;
				CLANG_WARN_DIRECT_OBJC_ISA_USAGE = YES_ERROR;
				CLANG_WARN_DOCUMENTATION_COMMENTS = YES;
				CLANG_WARN_EMPTY_BODY = YES;
				CLANG_WARN_ENUM_CONVERSION = YES;
				CLANG_WARN_INFINITE_RECURSION = YES;
				CLANG_WARN_INT_CONVERSION = YES;
				CLANG_WARN_NON_LITERAL_NULL_CONVERSION = YES;
				CLANG_WARN_OBJC_IMPLICIT_RETAIN_SELF = YES;
				CLANG_WARN_OBJC_LITERAL_CONVERSION = YES;
				CLANG_WARN_OBJC_ROOT_CLASS = YES_ERROR;
				CLANG_WARN_QUOTED_INCLUDE_IN_FRAMEWORK_HEADER = YES;
				CLANG_WARN_RANGE_LOOP_ANALYSIS = YES;
				CLANG_WARN_STRICT_PROTOTYPES = YES;
				CLANG_WARN_SUSPICIOUS_MOVE = YES;
				CLANG_WARN_UNGUARDED_AVAILABILITY = YES_AGGRESSIVE;
				CLANG_WARN_UNREACHABLE_CODE = YES;
				CLANG_WARN__DUPLICATE_METHOD_MATCH = YES;
				COPY_PHASE_STRIP = NO;
				DEBUG_INFORMATION_FORMAT = "dwarf-with-dsym";
				ENABLE_NS_ASSERTIONS = NO;
				ENABLE_STRICT_OBJC_MSGSEND = YES;
				GCC_C_LANGUAGE_STANDARD = gnu11;
				GCC_NO_COMMON_BLOCKS = YES;
				GCC_WARN_64_TO_32_BIT_CONVERSION = YES;
				GCC_WARN_ABOUT_RETURN_TYPE = YES_ERROR;
				GCC_WARN_UNDECLARED_SELECTOR = YES;
				GCC_WARN_UNINITIALIZED_AUTOS = YES_AGGRESSIVE;
				GCC_WARN_UNUSED_FUNCTION = YES;
				GCC_WARN_UNUSED_VARIABLE = YES;
				MACOSX_DEPLOYMENT_TARGET = 12.3;
				MTL_ENABLE_DEBUG_INFO = NO;
				MTL_FAST_MATH = YES;
				SDKROOT = macosx;
				SWIFT_COMPILATION_MODE = wholemodule;
				SWIFT_OPTIMIZATION_LEVEL = "-O";
			};
			name = Release;
		};
		20C710FA28FE3BAF002A7F08 /* Debug */ = {
			isa = XCBuildConfiguration;
			buildSettings = {
				CODE_SIGN_STYLE = Automatic;
				PRODUCT_NAME = "$(TARGET_NAME)";
				SWIFT_VERSION = 5.0;
			};
			name = Debug;
		};
		20C710FB28FE3BAF002A7F08 /* Release */ = {
			isa = XCBuildConfiguration;
			buildSettings = {
				CODE_SIGN_STYLE = Automatic;
				PRODUCT_NAME = "$(TARGET_NAME)";
				SWIFT_VERSION = 5.0;
			};
			name = Release;
		};
/* End XCBuildConfiguration section */

/* Begin XCConfigurationList section */
		20C710ED28FE3BAF002A7F08 /* Build configuration list for PBXProject "AlogithmStudy" */ = {
			isa = XCConfigurationList;
			buildConfigurations = (
				20C710F728FE3BAF002A7F08 /* Debug */,
				20C710F828FE3BAF002A7F08 /* Release */,
			);
			defaultConfigurationIsVisible = 0;
			defaultConfigurationName = Release;
		};
		20C710F928FE3BAF002A7F08 /* Build configuration list for PBXNativeTarget "AlogithmStudy" */ = {
			isa = XCConfigurationList;
			buildConfigurations = (
				20C710FA28FE3BAF002A7F08 /* Debug */,
				20C710FB28FE3BAF002A7F08 /* Release */,
			);
			defaultConfigurationIsVisible = 0;
			defaultConfigurationName = Release;
		};
/* End XCConfigurationList section */
	};
	rootObject = 20C710EA28FE3BAF002A7F08 /* Project object */;
}
